{
  "name": "is-nan",
  "lockfileVersion": 3,
  "requires": true,
  "packages": {
    "": {
      "dependencies": {
        "has-no-self-equality": "^0.0.2"
      }
    },
    "node_modules/has-no-self-equality": {
      "version": "0.0.2",
      "resolved": "https://registry.npmjs.org/has-no-self-equality/-/has-no-self-equality-0.0.2.tgz",
      "integrity": "sha512-fttZ8/pHowK1FOOcsiF28FW4Z6gyvFWpTtf6w1UjyzqETot0DCJhhGv0r+G6aGjfeA4j/H2ikETBtBxiZn0Vag==",
      "license": "MIT",
      "dependencies": {
        "has-self-equality": "^0.0.2"
      }
    },
    "node_modules/has-self-equality": {
      "version": "0.0.2",
      "resolved": "https://registry.npmjs.org/has-self-equality/-/has-self-equality-0.0.2.tgz",
      "integrity": "sha512-voGqIE/GYk9zbIznb/R2xSbqgLHxRKvK3eErU5VL99mIVgyVdtqqly8IPSw8r2DnxdUNHjVDlaDqtTytkj08IQ==",
      "license": "MIT"
    }
  }
}
